
Microsoft Visual Studio Solution File, Format Version 12.00
# Visual Studio Version 17
VisualStudioVersion = 17.4.33103.184
MinimumVisualStudioVersion = 10.0.40219.1
Project("{9A19103F-16F7-4668-BE54-9A1E7A4F7556}") = "CompanyClaimsAPI", "CompanyClaimsAPI.csproj", "{04D4F4AD-9445-40F2-9B06-4F7454D4041C}"
EndProject
Project("{FAE04EC0-301F-11D3-BF4B-00C04F79EFBC}") = "CompanyClaimsAPI.Tests", "..\CompanyClaimsAPI.Tests\CompanyClaimsAPI.Tests.csproj", "{B312C5A2-1754-4335-8D1F-A5D421762B07}"
EndProject
Global
	GlobalSection(SolutionConfigurationPlatforms) = preSolution
		Debug|Any CPU = Debug|Any CPU
		Release|Any CPU = Release|Any CPU
	EndGlobalSection
	GlobalSection(ProjectConfigurationPlatforms) = postSolution
		{04D4F4AD-9445-40F2-9B06-4F7454D4041C}.Debug|Any CPU.ActiveCfg = Debug|Any CPU
		{04D4F4AD-9445-40F2-9B06-4F7454D4041C}.Debug|Any CPU.Build.0 = Debug|Any CPU
		{04D4F4AD-9445-40F2-9B06-4F7454D4041C}.Release|Any CPU.ActiveCfg = Release|Any CPU
		{04D4F4AD-9445-40F2-9B06-4F7454D4041C}.Release|Any CPU.Build.0 = Release|Any CPU
		{B312C5A2-1754-4335-8D1F-A5D421762B07}.Debug|Any CPU.ActiveCfg = Debug|Any CPU
		{B312C5A2-1754-4335-8D1F-A5D421762B07}.Debug|Any CPU.Build.0 = Debug|Any CPU
		{B312C5A2-1754-4335-8D1F-A5D421762B07}.Release|Any CPU.ActiveCfg = Release|Any CPU
		{B312C5A2-1754-4335-8D1F-A5D421762B07}.Release|Any CPU.Build.0 = Release|Any CPU
	EndGlobalSection
	GlobalSection(SolutionProperties) = preSolution
		HideSolutionNode = FALSE
	EndGlobalSection
	GlobalSection(ExtensibilityGlobals) = postSolution
		SolutionGuid = {94AC21C9-92E7-414E-A9EC-C0E3E083357C}
	EndGlobalSection
EndGlobal
